
Microsoft Visual Studio Solution File, Format Version 12.00
# Visual Studio 14
VisualStudioVersion = 14.0.25420.1
MinimumVisualStudioVersion = 10.0.40219.1
Project("{FAE04EC0-301F-11D3-BF4B-00C04F79EFBC}") = "NSG.Electron", "NSG.Electron\NSG.Electron.csproj", "{BE0DC684-0A38-46D0-9632-5050F791AF57}"
EndProject
Project("{2150E333-8FDC-42A3-9474-1A3956D46DE8}") = "static", "static", "{4E823B1A-B004-4944-838C-B81270778095}"
	ProjectSection(SolutionItems) = preProject
		gt-home.html = gt-home.html
		..\..\..\..\Desktop\site-bg.png = ..\..\..\..\Desktop\site-bg.png
	EndProjectSection
EndProject
Project("{FAE04EC0-301F-11D3-BF4B-00C04F79EFBC}") = "NSG.ChromeExtension", "NSG.ChromeExtension\NSG.ChromeExtension.csproj", "{856C373A-A0C2-42F7-BE6C-33CA1D3F4469}"
EndProject
Global
	GlobalSection(SolutionConfigurationPlatforms) = preSolution
		Debug|Any CPU = Debug|Any CPU
		Release|Any CPU = Release|Any CPU
	EndGlobalSection
	GlobalSection(ProjectConfigurationPlatforms) = postSolution
		{BE0DC684-0A38-46D0-9632-5050F791AF57}.Debug|Any CPU.ActiveCfg = Debug|Any CPU
		{BE0DC684-0A38-46D0-9632-5050F791AF57}.Debug|Any CPU.Build.0 = Debug|Any CPU
		{BE0DC684-0A38-46D0-9632-5050F791AF57}.Release|Any CPU.ActiveCfg = Release|Any CPU
		{BE0DC684-0A38-46D0-9632-5050F791AF57}.Release|Any CPU.Build.0 = Release|Any CPU
		{856C373A-A0C2-42F7-BE6C-33CA1D3F4469}.Debug|Any CPU.ActiveCfg = Debug|Any CPU
		{856C373A-A0C2-42F7-BE6C-33CA1D3F4469}.Debug|Any CPU.Build.0 = Debug|Any CPU
		{856C373A-A0C2-42F7-BE6C-33CA1D3F4469}.Release|Any CPU.ActiveCfg = Release|Any CPU
		{856C373A-A0C2-42F7-BE6C-33CA1D3F4469}.Release|Any CPU.Build.0 = Release|Any CPU
	EndGlobalSection
	GlobalSection(SolutionProperties) = preSolution
		HideSolutionNode = FALSE
	EndGlobalSection
EndGlobal
